
Microsoft Visual Studio Solution File, Format Version 12.00
# Visual Studio Version 17
VisualStudioVersion = 17.5.33516.290
MinimumVisualStudioVersion = 10.0.40219.1
Project("{FAE04EC0-301F-11D3-BF4B-00C04F79EFBC}") = "inheritance", "inheritance.csproj", "{22285F2F-70FF-438B-AC11-3DB03F6B7450}"
EndProject
Global
	GlobalSection(SolutionConfigurationPlatforms) = preSolution
		Debug|Any CPU = Debug|Any CPU
		Release|Any CPU = Release|Any CPU
	EndGlobalSection
	GlobalSection(ProjectConfigurationPlatforms) = postSolution
		{22285F2F-70FF-438B-AC11-3DB03F6B7450}.Debug|Any CPU.ActiveCfg = Debug|Any CPU
		{22285F2F-70FF-438B-AC11-3DB03F6B7450}.Debug|Any CPU.Build.0 = Debug|Any CPU
		{22285F2F-70FF-438B-AC11-3DB03F6B7450}.Release|Any CPU.ActiveCfg = Release|Any CPU
		{22285F2F-70FF-438B-AC11-3DB03F6B7450}.Release|Any CPU.Build.0 = Release|Any CPU
	EndGlobalSection
	GlobalSection(SolutionProperties) = preSolution
		HideSolutionNode = FALSE
	EndGlobalSection
	GlobalSection(ExtensibilityGlobals) = postSolution
		SolutionGuid = {8A51A03B-3D26-4EF6-91D6-A181F8B5A5AC}
	EndGlobalSection
EndGlobal
